// !$*UTF8*$!
{
	archiveVersion = 1;
	classes = {
	};
	objectVersion = 50;
	objects = {

/* Begin PBXBuildFile section */
		8402666D20A0C2A4006B13A2 /* TeamsViewController.swift in Sources */ = {isa = PBXBuildFile; fileRef = 8402666C20A0C2A4006B13A2 /* TeamsViewController.swift */; };
		8402666F20A0CECF006B13A2 /* TeamsTableViewController.swift in Sources */ = {isa = PBXBuildFile; fileRef = 8402666E20A0CECF006B13A2 /* TeamsTableViewController.swift */; };
		8402667120A0D108006B13A2 /* TeamsCell.swift in Sources */ = {isa = PBXBuildFile; fileRef = 8402667020A0D108006B13A2 /* TeamsCell.swift */; };
		840DF05C258A2E1E00C44735 /* TodaysGamesCell.xib in Resources */ = {isa = PBXBuildFile; fileRef = 840DF05B258A2E1E00C44735 /* TodaysGamesCell.xib */; };
		840DF076258B5C7100C44735 /* TodaysGamesTableViewViewModel.swift in Sources */ = {isa = PBXBuildFile; fileRef = 840DF075258B5C7100C44735 /* TodaysGamesTableViewViewModel.swift */; };
		840DF07C258B664600C44735 /* GamesServiceProvider.swift in Sources */ = {isa = PBXBuildFile; fileRef = 840DF07B258B664600C44735 /* GamesServiceProvider.swift */; };
		840DF081258B68FD00C44735 /* URLSessionExtension.swift in Sources */ = {isa = PBXBuildFile; fileRef = 840DF080258B68FD00C44735 /* URLSessionExtension.swift */; };
		840DF085258B70F900C44735 /* GamesDataProvider.swift in Sources */ = {isa = PBXBuildFile; fileRef = 840DF084258B70F900C44735 /* GamesDataProvider.swift */; };
		843FE1B7209A366C00858278 /* AppDelegate.swift in Sources */ = {isa = PBXBuildFile; fileRef = 843FE1B6209A366C00858278 /* AppDelegate.swift */; };
		843FE1BC209A366D00858278 /* Main.storyboard in Resources */ = {isa = PBXBuildFile; fileRef = 843FE1BA209A366D00858278 /* Main.storyboard */; };
		843FE1BE209A366E00858278 /* Assets.xcassets in Resources */ = {isa = PBXBuildFile; fileRef = 843FE1BD209A366E00858278 /* Assets.xcassets */; };
		843FE1C1209A366E00858278 /* LaunchScreen.storyboard in Resources */ = {isa = PBXBuildFile; fileRef = 843FE1BF209A366E00858278 /* LaunchScreen.storyboard */; };
		843FE1C9209A427300858278 /* TodaysGamesTableViewController.swift in Sources */ = {isa = PBXBuildFile; fileRef = 843FE1C8209A427200858278 /* TodaysGamesTableViewController.swift */; };
		843FE1CB209A43DC00858278 /* datamodel.swift in Sources */ = {isa = PBXBuildFile; fileRef = 843FE1CA209A43DC00858278 /* datamodel.swift */; };
		843FE1CD209A47D500858278 /* TodaysGamesCell.swift in Sources */ = {isa = PBXBuildFile; fileRef = 843FE1CC209A47D500858278 /* TodaysGamesCell.swift */; };
		8446A4C720A0FE3E007DE2A9 /* LiveFeedTableViewController.swift in Sources */ = {isa = PBXBuildFile; fileRef = 8446A4C620A0FE3E007DE2A9 /* LiveFeedTableViewController.swift */; };
		8446A4C920A0FF3E007DE2A9 /* liveCell.swift in Sources */ = {isa = PBXBuildFile; fileRef = 8446A4C820A0FF3E007DE2A9 /* liveCell.swift */; };
		8446A4CB20A19187007DE2A9 /* StandingsTableViewController.swift in Sources */ = {isa = PBXBuildFile; fileRef = 8446A4CA20A19187007DE2A9 /* StandingsTableViewController.swift */; };
		8446A4CD20A198CA007DE2A9 /* standingsCell.swift in Sources */ = {isa = PBXBuildFile; fileRef = 8446A4CC20A198CA007DE2A9 /* standingsCell.swift */; };
		84945A6C20A59AA60087B7FF /* PlayerDetailViewController.swift in Sources */ = {isa = PBXBuildFile; fileRef = 84945A6B20A59AA60087B7FF /* PlayerDetailViewController.swift */; };
		84945A6E20A5B1910087B7FF /* TeamsStatsTableViewController.swift in Sources */ = {isa = PBXBuildFile; fileRef = 84945A6D20A5B1910087B7FF /* TeamsStatsTableViewController.swift */; };
		84945A7020A5B81D0087B7FF /* statsCell.swift in Sources */ = {isa = PBXBuildFile; fileRef = 84945A6F20A5B81D0087B7FF /* statsCell.swift */; };
		84E15AB120A3997700B6830C /* PlayersTableViewController.swift in Sources */ = {isa = PBXBuildFile; fileRef = 84E15AB020A3997700B6830C /* PlayersTableViewController.swift */; };
		84E15AB320A3A52100B6830C /* PlayerCell.swift in Sources */ = {isa = PBXBuildFile; fileRef = 84E15AB220A3A52100B6830C /* PlayerCell.swift */; };
		84E34E20258B7F5400EF5A71 /* Bootstrap.swift in Sources */ = {isa = PBXBuildFile; fileRef = 84E34E1F258B7F5400EF5A71 /* Bootstrap.swift */; };
		84E34E23258B803800EF5A71 /* DataProviders.swift in Sources */ = {isa = PBXBuildFile; fileRef = 84E34E22258B803800EF5A71 /* DataProviders.swift */; };
		84E34E27258B811100EF5A71 /* ViewControllerProvider.swift in Sources */ = {isa = PBXBuildFile; fileRef = 84E34E26258B811100EF5A71 /* ViewControllerProvider.swift */; };
		84E34E2A258B83F900EF5A71 /* NHLTabBarController.swift in Sources */ = {isa = PBXBuildFile; fileRef = 84E34E29258B83F900EF5A71 /* NHLTabBarController.swift */; };
		84E34E2D258B84D500EF5A71 /* TodaysGames.storyboard in Resources */ = {isa = PBXBuildFile; fileRef = 84E34E2C258B84D500EF5A71 /* TodaysGames.storyboard */; };
		84E34E3B258BBFF800EF5A71 /* TodaysGamesViewController.swift in Sources */ = {isa = PBXBuildFile; fileRef = 84E34E3A258BBFF800EF5A71 /* TodaysGamesViewController.swift */; };
		84F4E83520A5BEEC0071F851 /* TeamsStatsOverviewTableViewController.swift in Sources */ = {isa = PBXBuildFile; fileRef = 84F4E83420A5BEEC0071F851 /* TeamsStatsOverviewTableViewController.swift */; };
		84F4E83720A5CE270071F851 /* FeedDetailViewController.swift in Sources */ = {isa = PBXBuildFile; fileRef = 84F4E83620A5CE270071F851 /* FeedDetailViewController.swift */; };
/* End PBXBuildFile section */

/* Begin PBXFileReference section */
		8402666C20A0C2A4006B13A2 /* TeamsViewController.swift */ = {isa = PBXFileReference; lastKnownFileType = sourcecode.swift; path = TeamsViewController.swift; sourceTree = "<group>"; };
		8402666E20A0CECF006B13A2 /* TeamsTableViewController.swift */ = {isa = PBXFileReference; lastKnownFileType = sourcecode.swift; path = TeamsTableViewController.swift; sourceTree = "<group>"; };
		8402667020A0D108006B13A2 /* TeamsCell.swift */ = {isa = PBXFileReference; lastKnownFileType = sourcecode.swift; path = TeamsCell.swift; sourceTree = "<group>"; };
		840DF05B258A2E1E00C44735 /* TodaysGamesCell.xib */ = {isa = PBXFileReference; lastKnownFileType = file.xib; path = TodaysGamesCell.xib; sourceTree = "<group>"; };
		840DF075258B5C7100C44735 /* TodaysGamesTableViewViewModel.swift */ = {isa = PBXFileReference; lastKnownFileType = sourcecode.swift; name = TodaysGamesTableViewViewModel.swift; path = ../TodaysGamesTableViewViewModel.swift; sourceTree = "<group>"; };
		840DF07B258B664600C44735 /* GamesServiceProvider.swift */ = {isa = PBXFileReference; lastKnownFileType = sourcecode.swift; path = GamesServiceProvider.swift; sourceTree = "<group>"; };
		840DF080258B68FD00C44735 /* URLSessionExtension.swift */ = {isa = PBXFileReference; lastKnownFileType = sourcecode.swift; path = URLSessionExtension.swift; sourceTree = "<group>"; };
		840DF084258B70F900C44735 /* GamesDataProvider.swift */ = {isa = PBXFileReference; lastKnownFileType = sourcecode.swift; name = GamesDataProvider.swift; path = "NHL APP/DataProviders/GamesDataProvider.swift"; sourceTree = SOURCE_ROOT; };
		843FE1B3209A366C00858278 /* NHL APP.app */ = {isa = PBXFileReference; explicitFileType = wrapper.application; includeInIndex = 0; path = "NHL APP.app"; sourceTree = BUILT_PRODUCTS_DIR; };
		843FE1B6209A366C00858278 /* AppDelegate.swift */ = {isa = PBXFileReference; lastKnownFileType = sourcecode.swift; path = AppDelegate.swift; sourceTree = "<group>"; };
		843FE1BB209A366D00858278 /* Base */ = {isa = PBXFileReference; lastKnownFileType = file.storyboard; name = Base; path = Base.lproj/Main.storyboard; sourceTree = "<group>"; };
		843FE1BD209A366E00858278 /* Assets.xcassets */ = {isa = PBXFileReference; lastKnownFileType = folder.assetcatalog; path = Assets.xcassets; sourceTree = "<group>"; };
		843FE1C0209A366E00858278 /* Base */ = {isa = PBXFileReference; lastKnownFileType = file.storyboard; name = Base; path = Base.lproj/LaunchScreen.storyboard; sourceTree = "<group>"; };
		843FE1C2209A366E00858278 /* Info.plist */ = {isa = PBXFileReference; lastKnownFileType = text.plist.xml; path = Info.plist; sourceTree = "<group>"; };
		843FE1C8209A427200858278 /* TodaysGamesTableViewController.swift */ = {isa = PBXFileReference; lastKnownFileType = sourcecode.swift; path = TodaysGamesTableViewController.swift; sourceTree = "<group>"; };
		843FE1CA209A43DC00858278 /* datamodel.swift */ = {isa = PBXFileReference; lastKnownFileType = sourcecode.swift; path = datamodel.swift; sourceTree = "<group>"; };
		843FE1CC209A47D500858278 /* TodaysGamesCell.swift */ = {isa = PBXFileReference; lastKnownFileType = sourcecode.swift; path = TodaysGamesCell.swift; sourceTree = "<group>"; };
		8446A4C620A0FE3E007DE2A9 /* LiveFeedTableViewController.swift */ = {isa = PBXFileReference; lastKnownFileType = sourcecode.swift; path = LiveFeedTableViewController.swift; sourceTree = "<group>"; };
		8446A4C820A0FF3E007DE2A9 /* liveCell.swift */ = {isa = PBXFileReference; lastKnownFileType = sourcecode.swift; path = liveCell.swift; sourceTree = "<group>"; };
		8446A4CA20A19187007DE2A9 /* StandingsTableViewController.swift */ = {isa = PBXFileReference; lastKnownFileType = sourcecode.swift; path = StandingsTableViewController.swift; sourceTree = "<group>"; };
		8446A4CC20A198CA007DE2A9 /* standingsCell.swift */ = {isa = PBXFileReference; lastKnownFileType = sourcecode.swift; path = standingsCell.swift; sourceTree = "<group>"; };
		84945A6B20A59AA60087B7FF /* PlayerDetailViewController.swift */ = {isa = PBXFileReference; lastKnownFileType = sourcecode.swift; path = PlayerDetailViewController.swift; sourceTree = "<group>"; };
		84945A6D20A5B1910087B7FF /* TeamsStatsTableViewController.swift */ = {isa = PBXFileReference; lastKnownFileType = sourcecode.swift; path = TeamsStatsTableViewController.swift; sourceTree = "<group>"; };
		84945A6F20A5B81D0087B7FF /* statsCell.swift */ = {isa = PBXFileReference; lastKnownFileType = sourcecode.swift; path = statsCell.swift; sourceTree = "<group>"; };
		84E15AB020A3997700B6830C /* PlayersTableViewController.swift */ = {isa = PBXFileReference; lastKnownFileType = sourcecode.swift; path = PlayersTableViewController.swift; sourceTree = "<group>"; };
		84E15AB220A3A52100B6830C /* PlayerCell.swift */ = {isa = PBXFileReference; lastKnownFileType = sourcecode.swift; path = PlayerCell.swift; sourceTree = "<group>"; };
		84E34E1F258B7F5400EF5A71 /* Bootstrap.swift */ = {isa = PBXFileReference; lastKnownFileType = sourcecode.swift; path = Bootstrap.swift; sourceTree = "<group>"; };
		84E34E22258B803800EF5A71 /* DataProviders.swift */ = {isa = PBXFileReference; lastKnownFileType = sourcecode.swift; path = DataProviders.swift; sourceTree = "<group>"; };
		84E34E26258B811100EF5A71 /* ViewControllerProvider.swift */ = {isa = PBXFileReference; lastKnownFileType = sourcecode.swift; name = ViewControllerProvider.swift; path = "NHL APP/UI/Components/ViewControllerProvider.swift"; sourceTree = SOURCE_ROOT; };
		84E34E29258B83F900EF5A71 /* NHLTabBarController.swift */ = {isa = PBXFileReference; lastKnownFileType = sourcecode.swift; name = NHLTabBarController.swift; path = "NHL APP/UI/Components/NHLTabBarController.swift"; sourceTree = SOURCE_ROOT; };
		84E34E2C258B84D500EF5A71 /* TodaysGames.storyboard */ = {isa = PBXFileReference; lastKnownFileType = file.storyboard; path = TodaysGames.storyboard; sourceTree = "<group>"; };
		84E34E3A258BBFF800EF5A71 /* TodaysGamesViewController.swift */ = {isa = PBXFileReference; lastKnownFileType = sourcecode.swift; path = TodaysGamesViewController.swift; sourceTree = "<group>"; };
		84F4E83420A5BEEC0071F851 /* TeamsStatsOverviewTableViewController.swift */ = {isa = PBXFileReference; lastKnownFileType = sourcecode.swift; path = TeamsStatsOverviewTableViewController.swift; sourceTree = "<group>"; };
		84F4E83620A5CE270071F851 /* FeedDetailViewController.swift */ = {isa = PBXFileReference; lastKnownFileType = sourcecode.swift; path = FeedDetailViewController.swift; sourceTree = "<group>"; };
/* End PBXFileReference section */

/* Begin PBXFrameworksBuildPhase section */
		843FE1B0209A366C00858278 /* Frameworks */ = {
			isa = PBXFrameworksBuildPhase;
			buildActionMask = 2147483647;
			files = (
			);
			runOnlyForDeploymentPostprocessing = 0;
		};
/* End PBXFrameworksBuildPhase section */

/* Begin PBXGroup section */
		840DF059258A2D7E00C44735 /* TableVIewCells */ = {
			isa = PBXGroup;
			children = (
				840DF05A258A2D9A00C44735 /* TodayGameCell */,
				8446A4C420A0DB83007DE2A9 /* cells classes */,
			);
			path = TableVIewCells;
			sourceTree = "<group>";
		};
		840DF05A258A2D9A00C44735 /* TodayGameCell */ = {
			isa = PBXGroup;
			children = (
				843FE1CC209A47D500858278 /* TodaysGamesCell.swift */,
				840DF05B258A2E1E00C44735 /* TodaysGamesCell.xib */,
			);
			path = TodayGameCell;
			sourceTree = "<group>";
		};
		840DF078258B64BC00C44735 /* ViewModel */ = {
			isa = PBXGroup;
			children = (
				840DF075258B5C7100C44735 /* TodaysGamesTableViewViewModel.swift */,
			);
			path = ViewModel;
			sourceTree = "<group>";
		};
		840DF079258B651200C44735 /* ServiceProviders */ = {
			isa = PBXGroup;
			children = (
				840DF07B258B664600C44735 /* GamesServiceProvider.swift */,
			);
			path = ServiceProviders;
			sourceTree = "<group>";
		};
		840DF07A258B652B00C44735 /* DataProviders */ = {
			isa = PBXGroup;
			children = (
				840DF084258B70F900C44735 /* GamesDataProvider.swift */,
				84E34E22258B803800EF5A71 /* DataProviders.swift */,
			);
			path = DataProviders;
			sourceTree = "<group>";
		};
		840DF07F258B68EE00C44735 /* Extensions */ = {
			isa = PBXGroup;
			children = (
				840DF080258B68FD00C44735 /* URLSessionExtension.swift */,
			);
			path = Extensions;
			sourceTree = "<group>";
		};
		843FE1AA209A366C00858278 = {
			isa = PBXGroup;
			children = (
				843FE1B5209A366C00858278 /* NHL APP */,
				843FE1B4209A366C00858278 /* Products */,
			);
			sourceTree = "<group>";
		};
		843FE1B4209A366C00858278 /* Products */ = {
			isa = PBXGroup;
			children = (
				843FE1B3209A366C00858278 /* NHL APP.app */,
			);
			name = Products;
			sourceTree = "<group>";
		};
		843FE1B5209A366C00858278 /* NHL APP */ = {
			isa = PBXGroup;
			children = (
				84E34E33258B8A1F00EF5A71 /* UI */,
				843FE1B6209A366C00858278 /* AppDelegate.swift */,
				84E34E1F258B7F5400EF5A71 /* Bootstrap.swift */,
				840DF07F258B68EE00C44735 /* Extensions */,
				84E34E31258B89EA00EF5A71 /* Model */,
				840DF07A258B652B00C44735 /* DataProviders */,
				840DF079258B651200C44735 /* ServiceProviders */,
				840DF078258B64BC00C44735 /* ViewModel */,
				840DF059258A2D7E00C44735 /* TableVIewCells */,
				8446A4C520A0DB9A007DE2A9 /* controllers */,
				843FE1BD209A366E00858278 /* Assets.xcassets */,
				843FE1C2209A366E00858278 /* Info.plist */,
			);
			path = "NHL APP";
			sourceTree = "<group>";
		};
		8446A4C420A0DB83007DE2A9 /* cells classes */ = {
			isa = PBXGroup;
			children = (
				8402667020A0D108006B13A2 /* TeamsCell.swift */,
				8446A4C820A0FF3E007DE2A9 /* liveCell.swift */,
				8446A4CC20A198CA007DE2A9 /* standingsCell.swift */,
				84E15AB220A3A52100B6830C /* PlayerCell.swift */,
				84945A6F20A5B81D0087B7FF /* statsCell.swift */,
			);
			path = "cells classes";
			sourceTree = "<group>";
		};
		8446A4C520A0DB9A007DE2A9 /* controllers */ = {
			isa = PBXGroup;
			children = (
				84E34E3A258BBFF800EF5A71 /* TodaysGamesViewController.swift */,
				8446A4C620A0FE3E007DE2A9 /* LiveFeedTableViewController.swift */,
				843FE1C8209A427200858278 /* TodaysGamesTableViewController.swift */,
				8402666C20A0C2A4006B13A2 /* TeamsViewController.swift */,
				8402666E20A0CECF006B13A2 /* TeamsTableViewController.swift */,
				8446A4CA20A19187007DE2A9 /* StandingsTableViewController.swift */,
				84E15AB020A3997700B6830C /* PlayersTableViewController.swift */,
				84945A6B20A59AA60087B7FF /* PlayerDetailViewController.swift */,
				84945A6D20A5B1910087B7FF /* TeamsStatsTableViewController.swift */,
				84F4E83420A5BEEC0071F851 /* TeamsStatsOverviewTableViewController.swift */,
				84F4E83620A5CE270071F851 /* FeedDetailViewController.swift */,
			);
			path = controllers;
			sourceTree = "<group>";
		};
		84E34E30258B89CB00EF5A71 /* Storyboards */ = {
			isa = PBXGroup;
			children = (
				843FE1BF209A366E00858278 /* LaunchScreen.storyboard */,
				843FE1BA209A366D00858278 /* Main.storyboard */,
				84E34E2C258B84D500EF5A71 /* TodaysGames.storyboard */,
			);
			path = Storyboards;
			sourceTree = "<group>";
		};
		84E34E31258B89EA00EF5A71 /* Model */ = {
			isa = PBXGroup;
			children = (
				843FE1CA209A43DC00858278 /* datamodel.swift */,
			);
			path = Model;
			sourceTree = "<group>";
		};
		84E34E33258B8A1F00EF5A71 /* UI */ = {
			isa = PBXGroup;
			children = (
				84E34E34258B8A2700EF5A71 /* Components */,
				84E34E30258B89CB00EF5A71 /* Storyboards */,
			);
			path = UI;
			sourceTree = "<group>";
		};
		84E34E34258B8A2700EF5A71 /* Components */ = {
			isa = PBXGroup;
			children = (
				84E34E29258B83F900EF5A71 /* NHLTabBarController.swift */,
				84E34E26258B811100EF5A71 /* ViewControllerProvider.swift */,
			);
			path = Components;
			sourceTree = "<group>";
		};
/* End PBXGroup section */

/* Begin PBXNativeTarget section */
		843FE1B2209A366C00858278 /* NHL APP */ = {
			isa = PBXNativeTarget;
			buildConfigurationList = 843FE1C5209A366E00858278 /* Build configuration list for PBXNativeTarget "NHL APP" */;
			buildPhases = (
				843FE1AF209A366C00858278 /* Sources */,
				843FE1B0209A366C00858278 /* Frameworks */,
				843FE1B1209A366C00858278 /* Resources */,
			);
			buildRules = (
			);
			dependencies = (
			);
			name = "NHL APP";
			productName = "NHL APP";
			productReference = 843FE1B3209A366C00858278 /* NHL APP.app */;
			productType = "com.apple.product-type.application";
		};
/* End PBXNativeTarget section */

/* Begin PBXProject section */
		843FE1AB209A366C00858278 /* Project object */ = {
			isa = PBXProject;
			attributes = {
				LastSwiftUpdateCheck = 0930;
				LastUpgradeCheck = 0930;
				ORGANIZATIONNAME = "Brent Le Comte";
				TargetAttributes = {
					843FE1B2209A366C00858278 = {
						CreatedOnToolsVersion = 9.3;
						LastSwiftMigration = 1000;
						SystemCapabilities = {
							com.apple.BackgroundModes = {
								enabled = 1;
							};
						};
					};
				};
			};
			buildConfigurationList = 843FE1AE209A366C00858278 /* Build configuration list for PBXProject "NHL APP" */;
			compatibilityVersion = "Xcode 9.3";
			developmentRegion = en;
			hasScannedForEncodings = 0;
			knownRegions = (
				en,
				Base,
			);
			mainGroup = 843FE1AA209A366C00858278;
			productRefGroup = 843FE1B4209A366C00858278 /* Products */;
			projectDirPath = "";
			projectRoot = "";
			targets = (
				843FE1B2209A366C00858278 /* NHL APP */,
			);
		};
/* End PBXProject section */

/* Begin PBXResourcesBuildPhase section */
		843FE1B1209A366C00858278 /* Resources */ = {
			isa = PBXResourcesBuildPhase;
			buildActionMask = 2147483647;
			files = (
				843FE1C1209A366E00858278 /* LaunchScreen.storyboard in Resources */,
				840DF05C258A2E1E00C44735 /* TodaysGamesCell.xib in Resources */,
				84E34E2D258B84D500EF5A71 /* TodaysGames.storyboard in Resources */,
				843FE1BE209A366E00858278 /* Assets.xcassets in Resources */,
				843FE1BC209A366D00858278 /* Main.storyboard in Resources */,
			);
			runOnlyForDeploymentPostprocessing = 0;
		};
/* End PBXResourcesBuildPhase section */

/* Begin PBXSourcesBuildPhase section */
		843FE1AF209A366C00858278 /* Sources */ = {
			isa = PBXSourcesBuildPhase;
			buildActionMask = 2147483647;
			files = (
				84945A6E20A5B1910087B7FF /* TeamsStatsTableViewController.swift in Sources */,
				84E34E3B258BBFF800EF5A71 /* TodaysGamesViewController.swift in Sources */,
				8446A4CD20A198CA007DE2A9 /* standingsCell.swift in Sources */,
				8446A4C920A0FF3E007DE2A9 /* liveCell.swift in Sources */,
				840DF076258B5C7100C44735 /* TodaysGamesTableViewViewModel.swift in Sources */,
				84945A6C20A59AA60087B7FF /* PlayerDetailViewController.swift in Sources */,
				843FE1CD209A47D500858278 /* TodaysGamesCell.swift in Sources */,
				84E34E23258B803800EF5A71 /* DataProviders.swift in Sources */,
				840DF07C258B664600C44735 /* GamesServiceProvider.swift in Sources */,
				843FE1C9209A427300858278 /* TodaysGamesTableViewController.swift in Sources */,
				840DF085258B70F900C44735 /* GamesDataProvider.swift in Sources */,
				84E34E20258B7F5400EF5A71 /* Bootstrap.swift in Sources */,
				840DF081258B68FD00C44735 /* URLSessionExtension.swift in Sources */,
				8402666F20A0CECF006B13A2 /* TeamsTableViewController.swift in Sources */,
				84F4E83720A5CE270071F851 /* FeedDetailViewController.swift in Sources */,
				8402667120A0D108006B13A2 /* TeamsCell.swift in Sources */,
				843FE1CB209A43DC00858278 /* datamodel.swift in Sources */,
				84945A7020A5B81D0087B7FF /* statsCell.swift in Sources */,
				8446A4C720A0FE3E007DE2A9 /* LiveFeedTableViewController.swift in Sources */,
				84E15AB120A3997700B6830C /* PlayersTableViewController.swift in Sources */,
				843FE1B7209A366C00858278 /* AppDelegate.swift in Sources */,
				84E34E2A258B83F900EF5A71 /* NHLTabBarController.swift in Sources */,
				8402666D20A0C2A4006B13A2 /* TeamsViewController.swift in Sources */,
				8446A4CB20A19187007DE2A9 /* StandingsTableViewController.swift in Sources */,
				84E15AB320A3A52100B6830C /* PlayerCell.swift in Sources */,
				84F4E83520A5BEEC0071F851 /* TeamsStatsOverviewTableViewController.swift in Sources */,
				84E34E27258B811100EF5A71 /* ViewControllerProvider.swift in Sources */,
			);
			runOnlyForDeploymentPostprocessing = 0;
		};
/* End PBXSourcesBuildPhase section */

/* Begin PBXVariantGroup section */
		843FE1BA209A366D00858278 /* Main.storyboard */ = {
			isa = PBXVariantGroup;
			children = (
				843FE1BB209A366D00858278 /* Base */,
			);
			name = Main.storyboard;
			sourceTree = "<group>";
		};
		843FE1BF209A366E00858278 /* LaunchScreen.storyboard */ = {
			isa = PBXVariantGroup;
			children = (
				843FE1C0209A366E00858278 /* Base */,
			);
			name = LaunchScreen.storyboard;
			sourceTree = "<group>";
		};
/* End PBXVariantGroup section */

/* Begin XCBuildConfiguration section */
		843FE1C3209A366E00858278 /* Debug */ = {
			isa = XCBuildConfiguration;
			buildSettings = {
				ALWAYS_SEARCH_USER_PATHS = NO;
				CLANG_ANALYZER_NONNULL = YES;
				CLANG_ANALYZER_NUMBER_OBJECT_CONVERSION = YES_AGGRESSIVE;
				CLANG_CXX_LANGUAGE_STANDARD = "gnu++14";
				CLANG_CXX_LIBRARY = "libc++";
				CLANG_ENABLE_MODULES = YES;
				CLANG_ENABLE_OBJC_ARC = YES;
				CLANG_ENABLE_OBJC_WEAK = YES;
				CLANG_WARN_BLOCK_CAPTURE_AUTORELEASING = YES;
				CLANG_WARN_BOOL_CONVERSION = YES;
				CLANG_WARN_COMMA = YES;
				CLANG_WARN_CONSTANT_CONVERSION = YES;
				CLANG_WARN_DEPRECATED_OBJC_IMPLEMENTATIONS = YES;
				CLANG_WARN_DIRECT_OBJC_ISA_USAGE = YES_ERROR;
				CLANG_WARN_DOCUMENTATION_COMMENTS = YES;
				CLANG_WARN_EMPTY_BODY = YES;
				CLANG_WARN_ENUM_CONVERSION = YES;
				CLANG_WARN_INFINITE_RECURSION = YES;
				CLANG_WARN_INT_CONVERSION = YES;
				CLANG_WARN_NON_LITERAL_NULL_CONVERSION = YES;
				CLANG_WARN_OBJC_IMPLICIT_RETAIN_SELF = YES;
				CLANG_WARN_OBJC_LITERAL_CONVERSION = YES;
				CLANG_WARN_OBJC_ROOT_CLASS = YES_ERROR;
				CLANG_WARN_RANGE_LOOP_ANALYSIS = YES;
				CLANG_WARN_STRICT_PROTOTYPES = YES;
				CLANG_WARN_SUSPICIOUS_MOVE = YES;
				CLANG_WARN_UNGUARDED_AVAILABILITY = YES_AGGRESSIVE;
				CLANG_WARN_UNREACHABLE_CODE = YES;
				CLANG_WARN__DUPLICATE_METHOD_MATCH = YES;
				CODE_SIGN_IDENTITY = "iPhone Developer";
				COPY_PHASE_STRIP = NO;
				DEBUG_INFORMATION_FORMAT = dwarf;
				ENABLE_STRICT_OBJC_MSGSEND = YES;
				ENABLE_TESTABILITY = YES;
				GCC_C_LANGUAGE_STANDARD = gnu11;
				GCC_DYNAMIC_NO_PIC = NO;
				GCC_NO_COMMON_BLOCKS = YES;
				GCC_OPTIMIZATION_LEVEL = 0;
				GCC_PREPROCESSOR_DEFINITIONS = (
					"DEBUG=1",
					"$(inherited)",
				);
				GCC_WARN_64_TO_32_BIT_CONVERSION = YES;
				GCC_WARN_ABOUT_RETURN_TYPE = YES_ERROR;
				GCC_WARN_UNDECLARED_SELECTOR = YES;
				GCC_WARN_UNINITIALIZED_AUTOS = YES_AGGRESSIVE;
				GCC_WARN_UNUSED_FUNCTION = YES;
				GCC_WARN_UNUSED_VARIABLE = YES;
				IPHONEOS_DEPLOYMENT_TARGET = 11.3;
				MTL_ENABLE_DEBUG_INFO = YES;
				ONLY_ACTIVE_ARCH = YES;
				SDKROOT = iphoneos;
				SWIFT_ACTIVE_COMPILATION_CONDITIONS = DEBUG;
				SWIFT_OPTIMIZATION_LEVEL = "-Onone";
			};
			name = Debug;
		};
		843FE1C4209A366E00858278 /* Release */ = {
			isa = XCBuildConfiguration;
			buildSettings = {
				ALWAYS_SEARCH_USER_PATHS = NO;
				CLANG_ANALYZER_NONNULL = YES;
				CLANG_ANALYZER_NUMBER_OBJECT_CONVERSION = YES_AGGRESSIVE;
				CLANG_CXX_LANGUAGE_STANDARD = "gnu++14";
				CLANG_CXX_LIBRARY = "libc++";
				CLANG_ENABLE_MODULES = YES;
				CLANG_ENABLE_OBJC_ARC = YES;
				CLANG_ENABLE_OBJC_WEAK = YES;
				CLANG_WARN_BLOCK_CAPTURE_AUTORELEASING = YES;
				CLANG_WARN_BOOL_CONVERSION = YES;
				CLANG_WARN_COMMA = YES;
				CLANG_WARN_CONSTANT_CONVERSION = YES;
				CLANG_WARN_DEPRECATED_OBJC_IMPLEMENTATIONS = YES;
				CLANG_WARN_DIRECT_OBJC_ISA_USAGE = YES_ERROR;
				CLANG_WARN_DOCUMENTATION_COMMENTS = YES;
				CLANG_WARN_EMPTY_BODY = YES;
				CLANG_WARN_ENUM_CONVERSION = YES;
				CLANG_WARN_INFINITE_RECURSION = YES;
				CLANG_WARN_INT_CONVERSION = YES;
				CLANG_WARN_NON_LITERAL_NULL_CONVERSION = YES;
				CLANG_WARN_OBJC_IMPLICIT_RETAIN_SELF = YES;
				CLANG_WARN_OBJC_LITERAL_CONVERSION = YES;
				CLANG_WARN_OBJC_ROOT_CLASS = YES_ERROR;
				CLANG_WARN_RANGE_LOOP_ANALYSIS = YES;
				CLANG_WARN_STRICT_PROTOTYPES = YES;
				CLANG_WARN_SUSPICIOUS_MOVE = YES;
				CLANG_WARN_UNGUARDED_AVAILABILITY = YES_AGGRESSIVE;
				CLANG_WARN_UNREACHABLE_CODE = YES;
				CLANG_WARN__DUPLICATE_METHOD_MATCH = YES;
				CODE_SIGN_IDENTITY = "iPhone Developer";
				COPY_PHASE_STRIP = NO;
				DEBUG_INFORMATION_FORMAT = "dwarf-with-dsym";
				ENABLE_NS_ASSERTIONS = NO;
				ENABLE_STRICT_OBJC_MSGSEND = YES;
				GCC_C_LANGUAGE_STANDARD = gnu11;
				GCC_NO_COMMON_BLOCKS = YES;
				GCC_WARN_64_TO_32_BIT_CONVERSION = YES;
				GCC_WARN_ABOUT_RETURN_TYPE = YES_ERROR;
				GCC_WARN_UNDECLARED_SELECTOR = YES;
				GCC_WARN_UNINITIALIZED_AUTOS = YES_AGGRESSIVE;
				GCC_WARN_UNUSED_FUNCTION = YES;
				GCC_WARN_UNUSED_VARIABLE = YES;
				IPHONEOS_DEPLOYMENT_TARGET = 11.3;
				MTL_ENABLE_DEBUG_INFO = NO;
				SDKROOT = iphoneos;
				SWIFT_COMPILATION_MODE = wholemodule;
				SWIFT_OPTIMIZATION_LEVEL = "-O";
				VALIDATE_PRODUCT = YES;
			};
			name = Release;
		};
		843FE1C6209A366E00858278 /* Debug */ = {
			isa = XCBuildConfiguration;
			buildSettings = {
				ASSETCATALOG_COMPILER_APPICON_NAME = AppIcon;
				CODE_SIGN_STYLE = Automatic;
				DEVELOPMENT_TEAM = 9RZW73LTB7;
				INFOPLIST_FILE = "NHL APP/Info.plist";
				LD_RUNPATH_SEARCH_PATHS = (
					"$(inherited)",
					"@executable_path/Frameworks",
				);
				PRODUCT_BUNDLE_IDENTIFIER = be.devine.nad.iPresent;
				PRODUCT_NAME = "$(TARGET_NAME)";
				SWIFT_VERSION = 4.2;
				TARGETED_DEVICE_FAMILY = "1,2";
			};
			name = Debug;
		};
		843FE1C7209A366E00858278 /* Release */ = {
			isa = XCBuildConfiguration;
			buildSettings = {
				ASSETCATALOG_COMPILER_APPICON_NAME = AppIcon;
				CODE_SIGN_STYLE = Automatic;
				DEVELOPMENT_TEAM = 9RZW73LTB7;
				INFOPLIST_FILE = "NHL APP/Info.plist";
				LD_RUNPATH_SEARCH_PATHS = (
					"$(inherited)",
					"@executable_path/Frameworks",
				);
				PRODUCT_BUNDLE_IDENTIFIER = be.devine.nad.iPresent;
				PRODUCT_NAME = "$(TARGET_NAME)";
				SWIFT_VERSION = 4.2;
				TARGETED_DEVICE_FAMILY = "1,2";
			};
			name = Release;
		};
/* End XCBuildConfiguration section */

/* Begin XCConfigurationList section */
		843FE1AE209A366C00858278 /* Build configuration list for PBXProject "NHL APP" */ = {
			isa = XCConfigurationList;
			buildConfigurations = (
				843FE1C3209A366E00858278 /* Debug */,
				843FE1C4209A366E00858278 /* Release */,
			);
			defaultConfigurationIsVisible = 0;
			defaultConfigurationName = Release;
		};
		843FE1C5209A366E00858278 /* Build configuration list for PBXNativeTarget "NHL APP" */ = {
			isa = XCConfigurationList;
			buildConfigurations = (
				843FE1C6209A366E00858278 /* Debug */,
				843FE1C7209A366E00858278 /* Release */,
			);
			defaultConfigurationIsVisible = 0;
			defaultConfigurationName = Release;
		};
/* End XCConfigurationList section */
	};
	rootObject = 843FE1AB209A366C00858278 /* Project object */;
}
